
Microsoft Visual Studio Solution File, Format Version 12.00
# Visual Studio Version 17
VisualStudioVersion = 17.9.34701.34
MinimumVisualStudioVersion = 10.0.40219.1
Project("{FAE04EC0-301F-11D3-BF4B-00C04F79EFBC}") = "deneme", "deneme\deneme.csproj", "{1F1B8F92-E0A2-41DF-B631-24C0FA66ED1C}"
EndProject
Global
	GlobalSection(SolutionConfigurationPlatforms) = preSolution
		Debug|Any CPU = Debug|Any CPU
		Release|Any CPU = Release|Any CPU
	EndGlobalSection
	GlobalSection(ProjectConfigurationPlatforms) = postSolution
		{1F1B8F92-E0A2-41DF-B631-24C0FA66ED1C}.Debug|Any CPU.ActiveCfg = Debug|Any CPU
		{1F1B8F92-E0A2-41DF-B631-24C0FA66ED1C}.Debug|Any CPU.Build.0 = Debug|Any CPU
		{1F1B8F92-E0A2-41DF-B631-24C0FA66ED1C}.Release|Any CPU.ActiveCfg = Release|Any CPU
		{1F1B8F92-E0A2-41DF-B631-24C0FA66ED1C}.Release|Any CPU.Build.0 = Release|Any CPU
	EndGlobalSection
	GlobalSection(SolutionProperties) = preSolution
		HideSolutionNode = FALSE
	EndGlobalSection
	GlobalSection(ExtensibilityGlobals) = postSolution
		SolutionGuid = {B1F55FBA-9EF3-4E12-8ED0-1B949557A220}
	EndGlobalSection
EndGlobal
