
Microsoft Visual Studio Solution File, Format Version 12.00
# Visual Studio Version 17
VisualStudioVersion = 17.9.34701.34
MinimumVisualStudioVersion = 10.0.40219.1
Project("{FAE04EC0-301F-11D3-BF4B-00C04F79EFBC}") = "ReflectionIleOdemeSıstemiOdev2Kısım", "ReflectionIleOdemeSıstemiOdev2Kısım\ReflectionIleOdemeSıstemiOdev2Kısım.csproj", "{EE1A2FD0-0481-4187-A34F-9B3A53EAD794}"
EndProject
Global
	GlobalSection(SolutionConfigurationPlatforms) = preSolution
		Debug|Any CPU = Debug|Any CPU
		Release|Any CPU = Release|Any CPU
	EndGlobalSection
	GlobalSection(ProjectConfigurationPlatforms) = postSolution
		{EE1A2FD0-0481-4187-A34F-9B3A53EAD794}.Debug|Any CPU.ActiveCfg = Debug|Any CPU
		{EE1A2FD0-0481-4187-A34F-9B3A53EAD794}.Debug|Any CPU.Build.0 = Debug|Any CPU
		{EE1A2FD0-0481-4187-A34F-9B3A53EAD794}.Release|Any CPU.ActiveCfg = Release|Any CPU
		{EE1A2FD0-0481-4187-A34F-9B3A53EAD794}.Release|Any CPU.Build.0 = Release|Any CPU
	EndGlobalSection
	GlobalSection(SolutionProperties) = preSolution
		HideSolutionNode = FALSE
	EndGlobalSection
	GlobalSection(ExtensibilityGlobals) = postSolution
		SolutionGuid = {A378366F-BA9F-44E8-8FC3-6FCEF9833F48}
	EndGlobalSection
EndGlobal
