
Microsoft Visual Studio Solution File, Format Version 12.00
# Visual Studio Version 17
VisualStudioVersion = 17.9.34701.34
MinimumVisualStudioVersion = 10.0.40219.1
Project("{FAE04EC0-301F-11D3-BF4B-00C04F79EFBC}") = "BasitHesapMakinesi", "BasitHesapMakinesi\BasitHesapMakinesi.csproj", "{ADEBF4DC-67C2-4DF6-B003-3830FC189C47}"
EndProject
Global
	GlobalSection(SolutionConfigurationPlatforms) = preSolution
		Debug|Any CPU = Debug|Any CPU
		Release|Any CPU = Release|Any CPU
	EndGlobalSection
	GlobalSection(ProjectConfigurationPlatforms) = postSolution
		{ADEBF4DC-67C2-4DF6-B003-3830FC189C47}.Debug|Any CPU.ActiveCfg = Debug|Any CPU
		{ADEBF4DC-67C2-4DF6-B003-3830FC189C47}.Debug|Any CPU.Build.0 = Debug|Any CPU
		{ADEBF4DC-67C2-4DF6-B003-3830FC189C47}.Release|Any CPU.ActiveCfg = Release|Any CPU
		{ADEBF4DC-67C2-4DF6-B003-3830FC189C47}.Release|Any CPU.Build.0 = Release|Any CPU
	EndGlobalSection
	GlobalSection(SolutionProperties) = preSolution
		HideSolutionNode = FALSE
	EndGlobalSection
	GlobalSection(ExtensibilityGlobals) = postSolution
		SolutionGuid = {F5A57853-BF53-4086-92D1-441934032F56}
	EndGlobalSection
EndGlobal
