
Microsoft Visual Studio Solution File, Format Version 12.00
# Visual Studio Version 17
VisualStudioVersion = 17.9.34701.34
MinimumVisualStudioVersion = 10.0.40219.1
Project("{FAE04EC0-301F-11D3-BF4B-00C04F79EFBC}") = "CustomAttributeOdev", "CustomAttributeOdev\CustomAttributeOdev.csproj", "{69827AF8-CF2E-4727-AB48-DC65A2EAD4C9}"
EndProject
Global
	GlobalSection(SolutionConfigurationPlatforms) = preSolution
		Debug|Any CPU = Debug|Any CPU
		Release|Any CPU = Release|Any CPU
	EndGlobalSection
	GlobalSection(ProjectConfigurationPlatforms) = postSolution
		{69827AF8-CF2E-4727-AB48-DC65A2EAD4C9}.Debug|Any CPU.ActiveCfg = Debug|Any CPU
		{69827AF8-CF2E-4727-AB48-DC65A2EAD4C9}.Debug|Any CPU.Build.0 = Debug|Any CPU
		{69827AF8-CF2E-4727-AB48-DC65A2EAD4C9}.Release|Any CPU.ActiveCfg = Release|Any CPU
		{69827AF8-CF2E-4727-AB48-DC65A2EAD4C9}.Release|Any CPU.Build.0 = Release|Any CPU
	EndGlobalSection
	GlobalSection(SolutionProperties) = preSolution
		HideSolutionNode = FALSE
	EndGlobalSection
	GlobalSection(ExtensibilityGlobals) = postSolution
		SolutionGuid = {4FBF43AA-87C7-4792-A8F2-2F8D9C12539C}
	EndGlobalSection
EndGlobal
