
Microsoft Visual Studio Solution File, Format Version 12.00
# Visual Studio Version 17
VisualStudioVersion = 17.9.34701.34
MinimumVisualStudioVersion = 10.0.40219.1
Project("{FAE04EC0-301F-11D3-BF4B-00C04F79EFBC}") = "windowsFormArabaBilgiFormu", "windowsFormArabaBilgiFormu\windowsFormArabaBilgiFormu.csproj", "{AA7B4C4F-BD52-42D2-9490-D59756537015}"
EndProject
Global
	GlobalSection(SolutionConfigurationPlatforms) = preSolution
		Debug|Any CPU = Debug|Any CPU
		Release|Any CPU = Release|Any CPU
	EndGlobalSection
	GlobalSection(ProjectConfigurationPlatforms) = postSolution
		{AA7B4C4F-BD52-42D2-9490-D59756537015}.Debug|Any CPU.ActiveCfg = Debug|Any CPU
		{AA7B4C4F-BD52-42D2-9490-D59756537015}.Debug|Any CPU.Build.0 = Debug|Any CPU
		{AA7B4C4F-BD52-42D2-9490-D59756537015}.Release|Any CPU.ActiveCfg = Release|Any CPU
		{AA7B4C4F-BD52-42D2-9490-D59756537015}.Release|Any CPU.Build.0 = Release|Any CPU
	EndGlobalSection
	GlobalSection(SolutionProperties) = preSolution
		HideSolutionNode = FALSE
	EndGlobalSection
	GlobalSection(ExtensibilityGlobals) = postSolution
		SolutionGuid = {33D812A6-C696-440B-93DA-4B487CC166F4}
	EndGlobalSection
EndGlobal
