
Microsoft Visual Studio Solution File, Format Version 12.00
# Visual Studio Version 17
VisualStudioVersion = 17.9.34701.34
MinimumVisualStudioVersion = 10.0.40219.1
Project("{FAE04EC0-301F-11D3-BF4B-00C04F79EFBC}") = "AbstractionOdevi2", "AbstractionOdevi2\AbstractionOdevi2.csproj", "{2A36833E-4B77-4B7D-93B6-27CA3A0DEB03}"
EndProject
Global
	GlobalSection(SolutionConfigurationPlatforms) = preSolution
		Debug|Any CPU = Debug|Any CPU
		Release|Any CPU = Release|Any CPU
	EndGlobalSection
	GlobalSection(ProjectConfigurationPlatforms) = postSolution
		{2A36833E-4B77-4B7D-93B6-27CA3A0DEB03}.Debug|Any CPU.ActiveCfg = Debug|Any CPU
		{2A36833E-4B77-4B7D-93B6-27CA3A0DEB03}.Debug|Any CPU.Build.0 = Debug|Any CPU
		{2A36833E-4B77-4B7D-93B6-27CA3A0DEB03}.Release|Any CPU.ActiveCfg = Release|Any CPU
		{2A36833E-4B77-4B7D-93B6-27CA3A0DEB03}.Release|Any CPU.Build.0 = Release|Any CPU
	EndGlobalSection
	GlobalSection(SolutionProperties) = preSolution
		HideSolutionNode = FALSE
	EndGlobalSection
	GlobalSection(ExtensibilityGlobals) = postSolution
		SolutionGuid = {6A8A72C5-CB29-411B-A469-469F88EF09C5}
	EndGlobalSection
EndGlobal
