
Microsoft Visual Studio Solution File, Format Version 12.00
# Visual Studio Version 17
VisualStudioVersion = 17.9.34701.34
MinimumVisualStudioVersion = 10.0.40219.1
Project("{FAE04EC0-301F-11D3-BF4B-00C04F79EFBC}") = "MerhabaDunya", "MerhabaDunya\MerhabaDunya.csproj", "{5B28CC63-D292-4DF9-8DD2-5993E3D4973A}"
EndProject
Global
	GlobalSection(SolutionConfigurationPlatforms) = preSolution
		Debug|Any CPU = Debug|Any CPU
		Release|Any CPU = Release|Any CPU
	EndGlobalSection
	GlobalSection(ProjectConfigurationPlatforms) = postSolution
		{5B28CC63-D292-4DF9-8DD2-5993E3D4973A}.Debug|Any CPU.ActiveCfg = Debug|Any CPU
		{5B28CC63-D292-4DF9-8DD2-5993E3D4973A}.Debug|Any CPU.Build.0 = Debug|Any CPU
		{5B28CC63-D292-4DF9-8DD2-5993E3D4973A}.Release|Any CPU.ActiveCfg = Release|Any CPU
		{5B28CC63-D292-4DF9-8DD2-5993E3D4973A}.Release|Any CPU.Build.0 = Release|Any CPU
	EndGlobalSection
	GlobalSection(SolutionProperties) = preSolution
		HideSolutionNode = FALSE
	EndGlobalSection
	GlobalSection(ExtensibilityGlobals) = postSolution
		SolutionGuid = {F76F811E-03E9-4AB2-AF2F-54956C71050F}
	EndGlobalSection
EndGlobal
